
Microsoft Visual Studio Solution File, Format Version 12.00
# Visual Studio 15
VisualStudioVersion = 15.0.27428.2011
MinimumVisualStudioVersion = 10.0.40219.1
Project("{FAE04EC0-301F-11D3-BF4B-00C04F79EFBC}") = "script4db", "script4db\script4db.csproj", "{C90A4F66-9951-437C-B551-1E99F70E741C}"
EndProject
Project("{2150E333-8FDC-42A3-9474-1A3956D46DE8}") = "Solution Items", "Solution Items", "{43466D75-1F16-4AA2-BAA0-AAA255DC3F4A}"
	ProjectSection(SolutionItems) = preProject
		..\example.script4db = ..\example.script4db
		..\mapping.md = ..\mapping.md
		..\README.md = ..\README.md
	EndProjectSection
EndProject
Global
	GlobalSection(SolutionConfigurationPlatforms) = preSolution
		Debug|Any CPU = Debug|Any CPU
		Debug|x86 = Debug|x86
		Release|Any CPU = Release|Any CPU
		Release|x86 = Release|x86
	EndGlobalSection
	GlobalSection(ProjectConfigurationPlatforms) = postSolution
		{C90A4F66-9951-437C-B551-1E99F70E741C}.Debug|Any CPU.ActiveCfg = Debug|Any CPU
		{C90A4F66-9951-437C-B551-1E99F70E741C}.Debug|Any CPU.Build.0 = Debug|Any CPU
		{C90A4F66-9951-437C-B551-1E99F70E741C}.Debug|x86.ActiveCfg = Debug|x86
		{C90A4F66-9951-437C-B551-1E99F70E741C}.Debug|x86.Build.0 = Debug|x86
		{C90A4F66-9951-437C-B551-1E99F70E741C}.Release|Any CPU.ActiveCfg = Release|Any CPU
		{C90A4F66-9951-437C-B551-1E99F70E741C}.Release|Any CPU.Build.0 = Release|Any CPU
		{C90A4F66-9951-437C-B551-1E99F70E741C}.Release|x86.ActiveCfg = Release|x86
		{C90A4F66-9951-437C-B551-1E99F70E741C}.Release|x86.Build.0 = Release|x86
	EndGlobalSection
	GlobalSection(SolutionProperties) = preSolution
		HideSolutionNode = FALSE
	EndGlobalSection
	GlobalSection(ExtensibilityGlobals) = postSolution
		SolutionGuid = {763ECC2E-41F5-4B36-A33D-7FAF79FEFAD8}
	EndGlobalSection
EndGlobal
